{
  "object": {
    "pins": [
      {
        "package": "PKHUD",
        "repositoryURL": "https://github.com/pkluz/PKHUD.git",
        "state": {
          "branch": null,
          "revision": "8fd26f23057c6bebd6695524b1c3e05e93aba571",
          "version": "5.4.0"
        }
      },
      {
        "package": "SDWebImage",
        "repositoryURL": "https://github.com/SDWebImage/SDWebImage.git",
        "state": {
          "branch": null,
          "revision": "39370d1af85734dffe0e3f89b389976da461be3f",
          "version": "5.7.3"
        }
      },
      {
        "package": "SDWebImageSVGCoder",
        "repositoryURL": "https://github.com/SDWebImage/SDWebImageSVGCoder.git",
        "state": {
          "branch": null,
          "revision": "9de72b862ca813464c9b2780146f29dc72aebc8e",
          "version": "1.5.0"
        }
      }
    ]
  },
  "version": 1
}
